
Microsoft Visual Studio Solution File, Format Version 12.00
# Visual Studio Version 17
VisualStudioVersion = 17.4.33110.190
MinimumVisualStudioVersion = 10.0.40219.1
Project("{FAE04EC0-301F-11D3-BF4B-00C04F79EFBC}") = "CityInfo.API", "CityInfo.API\CityInfo.API.csproj", "{FBB482E3-139C-4A6A-8606-192263AA89BB}"
EndProject
Global
	GlobalSection(SolutionConfigurationPlatforms) = preSolution
		Debug|Any CPU = Debug|Any CPU
		Release|Any CPU = Release|Any CPU
	EndGlobalSection
	GlobalSection(ProjectConfigurationPlatforms) = postSolution
		{FBB482E3-139C-4A6A-8606-192263AA89BB}.Debug|Any CPU.ActiveCfg = Debug|Any CPU
		{FBB482E3-139C-4A6A-8606-192263AA89BB}.Debug|Any CPU.Build.0 = Debug|Any CPU
		{FBB482E3-139C-4A6A-8606-192263AA89BB}.Release|Any CPU.ActiveCfg = Release|Any CPU
		{FBB482E3-139C-4A6A-8606-192263AA89BB}.Release|Any CPU.Build.0 = Release|Any CPU
	EndGlobalSection
	GlobalSection(SolutionProperties) = preSolution
		HideSolutionNode = FALSE
	EndGlobalSection
	GlobalSection(ExtensibilityGlobals) = postSolution
		SolutionGuid = {7B05FA68-E84B-469A-A05F-2DD0BE2304FB}
	EndGlobalSection
EndGlobal
